
Microsoft Visual Studio Solution File, Format Version 12.00
# Visual Studio 15
VisualStudioVersion = 15.0.27703.2042
MinimumVisualStudioVersion = 10.0.40219.1
Project("{FAE04EC0-301F-11D3-BF4B-00C04F79EFBC}") = "ContractApp", "ContractApp\ContractApp.csproj", "{3406DEC0-475D-477A-B9A1-4BCC333D515F}"
EndProject
Global
	GlobalSection(SolutionConfigurationPlatforms) = preSolution
		Debug|Any CPU = Debug|Any CPU
		Release|Any CPU = Release|Any CPU
	EndGlobalSection
	GlobalSection(ProjectConfigurationPlatforms) = postSolution
		{3406DEC0-475D-477A-B9A1-4BCC333D515F}.Debug|Any CPU.ActiveCfg = Debug|Any CPU
		{3406DEC0-475D-477A-B9A1-4BCC333D515F}.Debug|Any CPU.Build.0 = Debug|Any CPU
		{3406DEC0-475D-477A-B9A1-4BCC333D515F}.Release|Any CPU.ActiveCfg = Release|Any CPU
		{3406DEC0-475D-477A-B9A1-4BCC333D515F}.Release|Any CPU.Build.0 = Release|Any CPU
	EndGlobalSection
	GlobalSection(SolutionProperties) = preSolution
		HideSolutionNode = FALSE
	EndGlobalSection
	GlobalSection(ExtensibilityGlobals) = postSolution
		SolutionGuid = {7C5BC27F-8FF2-4DCC-B751-7E3BAD187297}
	EndGlobalSection
EndGlobal
